// !$*UTF8*$!
{
	archiveVersion = 1;
	classes = {
	};
	objectVersion = 50;
	objects = {

/* Begin PBXBuildFile section */
		04002330207DD42700B1598E /* ZWWMainTableViewController+Method.m in Sources */ = {isa = PBXBuildFile; fileRef = 0400232F207DD42700B1598E /* ZWWMainTableViewController+Method.m */; };
		045A17C320B659EF00644DEC /* ZWWTestSuspendViewController.m in Sources */ = {isa = PBXBuildFile; fileRef = 045A17C120B659EF00644DEC /* ZWWTestSuspendViewController.m */; };
		045A17C420B659EF00644DEC /* ZWWTestSuspendViewController.xib in Resources */ = {isa = PBXBuildFile; fileRef = 045A17C220B659EF00644DEC /* ZWWTestSuspendViewController.xib */; };
		045A17C820B661CF00644DEC /* ZWWUseNSOperationViewController.m in Sources */ = {isa = PBXBuildFile; fileRef = 045A17C620B661CF00644DEC /* ZWWUseNSOperationViewController.m */; };
		045A17C920B661CF00644DEC /* ZWWUseNSOperationViewController.xib in Resources */ = {isa = PBXBuildFile; fileRef = 045A17C720B661CF00644DEC /* ZWWUseNSOperationViewController.xib */; };
		04E740832084459400D3EA47 /* ZWWMainTableViewController.m in Sources */ = {isa = PBXBuildFile; fileRef = 04E740822084459400D3EA47 /* ZWWMainTableViewController.m */; };
		04F9A8572079DF8F0096D494 /* AppDelegate.m in Sources */ = {isa = PBXBuildFile; fileRef = 04F9A8562079DF8F0096D494 /* AppDelegate.m */; };
		04F9A85A2079DF8F0096D494 /* FirstViewController.m in Sources */ = {isa = PBXBuildFile; fileRef = 04F9A8592079DF8F0096D494 /* FirstViewController.m */; };
		04F9A85D2079DF8F0096D494 /* Main.storyboard in Resources */ = {isa = PBXBuildFile; fileRef = 04F9A85B2079DF8F0096D494 /* Main.storyboard */; };
		04F9A85F2079DF900096D494 /* Assets.xcassets in Resources */ = {isa = PBXBuildFile; fileRef = 04F9A85E2079DF900096D494 /* Assets.xcassets */; };
		04F9A8622079DF900096D494 /* LaunchScreen.storyboard in Resources */ = {isa = PBXBuildFile; fileRef = 04F9A8602079DF900096D494 /* LaunchScreen.storyboard */; };
		04F9A8652079DF900096D494 /* main.m in Sources */ = {isa = PBXBuildFile; fileRef = 04F9A8642079DF900096D494 /* main.m */; };
		04F9A86F2079DF900096D494 /* ThreadTestTests.m in Sources */ = {isa = PBXBuildFile; fileRef = 04F9A86E2079DF900096D494 /* ThreadTestTests.m */; };
		04F9A87A2079DF900096D494 /* ThreadTestUITests.m in Sources */ = {isa = PBXBuildFile; fileRef = 04F9A8792079DF900096D494 /* ThreadTestUITests.m */; };
/* End PBXBuildFile section */

/* Begin PBXContainerItemProxy section */
		04F9A86B2079DF900096D494 /* PBXContainerItemProxy */ = {
			isa = PBXContainerItemProxy;
			containerPortal = 04F9A84A2079DF8F0096D494 /* Project object */;
			proxyType = 1;
			remoteGlobalIDString = 04F9A8512079DF8F0096D494;
			remoteInfo = ThreadTest;
		};
		04F9A8762079DF900096D494 /* PBXContainerItemProxy */ = {
			isa = PBXContainerItemProxy;
			containerPortal = 04F9A84A2079DF8F0096D494 /* Project object */;
			proxyType = 1;
			remoteGlobalIDString = 04F9A8512079DF8F0096D494;
			remoteInfo = ThreadTest;
		};
/* End PBXContainerItemProxy section */

/* Begin PBXFileReference section */
		0400232E207DD42700B1598E /* ZWWMainTableViewController+Method.h */ = {isa = PBXFileReference; lastKnownFileType = sourcecode.c.h; path = "ZWWMainTableViewController+Method.h"; sourceTree = "<group>"; };
		0400232F207DD42700B1598E /* ZWWMainTableViewController+Method.m */ = {isa = PBXFileReference; lastKnownFileType = sourcecode.c.objc; path = "ZWWMainTableViewController+Method.m"; sourceTree = "<group>"; };
		045A17C020B659EF00644DEC /* ZWWTestSuspendViewController.h */ = {isa = PBXFileReference; lastKnownFileType = sourcecode.c.h; path = ZWWTestSuspendViewController.h; sourceTree = "<group>"; };
		045A17C120B659EF00644DEC /* ZWWTestSuspendViewController.m */ = {isa = PBXFileReference; lastKnownFileType = sourcecode.c.objc; path = ZWWTestSuspendViewController.m; sourceTree = "<group>"; };
		045A17C220B659EF00644DEC /* ZWWTestSuspendViewController.xib */ = {isa = PBXFileReference; lastKnownFileType = file.xib; path = ZWWTestSuspendViewController.xib; sourceTree = "<group>"; };
		045A17C520B661CF00644DEC /* ZWWUseNSOperationViewController.h */ = {isa = PBXFileReference; lastKnownFileType = sourcecode.c.h; path = ZWWUseNSOperationViewController.h; sourceTree = "<group>"; };
		045A17C620B661CF00644DEC /* ZWWUseNSOperationViewController.m */ = {isa = PBXFileReference; lastKnownFileType = sourcecode.c.objc; path = ZWWUseNSOperationViewController.m; sourceTree = "<group>"; };
		045A17C720B661CF00644DEC /* ZWWUseNSOperationViewController.xib */ = {isa = PBXFileReference; lastKnownFileType = file.xib; path = ZWWUseNSOperationViewController.xib; sourceTree = "<group>"; };
		04E740812084459400D3EA47 /* ZWWMainTableViewController.h */ = {isa = PBXFileReference; lastKnownFileType = sourcecode.c.h; path = ZWWMainTableViewController.h; sourceTree = "<group>"; };
		04E740822084459400D3EA47 /* ZWWMainTableViewController.m */ = {isa = PBXFileReference; lastKnownFileType = sourcecode.c.objc; path = ZWWMainTableViewController.m; sourceTree = "<group>"; };
		04F9A8522079DF8F0096D494 /* ThreadTest.app */ = {isa = PBXFileReference; explicitFileType = wrapper.application; includeInIndex = 0; path = ThreadTest.app; sourceTree = BUILT_PRODUCTS_DIR; };
		04F9A8552079DF8F0096D494 /* AppDelegate.h */ = {isa = PBXFileReference; lastKnownFileType = sourcecode.c.h; path = AppDelegate.h; sourceTree = "<group>"; };
		04F9A8562079DF8F0096D494 /* AppDelegate.m */ = {isa = PBXFileReference; lastKnownFileType = sourcecode.c.objc; path = AppDelegate.m; sourceTree = "<group>"; };
		04F9A8582079DF8F0096D494 /* FirstViewController.h */ = {isa = PBXFileReference; lastKnownFileType = sourcecode.c.h; path = FirstViewController.h; sourceTree = "<group>"; };
		04F9A8592079DF8F0096D494 /* FirstViewController.m */ = {isa = PBXFileReference; lastKnownFileType = sourcecode.c.objc; path = FirstViewController.m; sourceTree = "<group>"; };
		04F9A85C2079DF8F0096D494 /* Base */ = {isa = PBXFileReference; lastKnownFileType = file.storyboard; name = Base; path = Base.lproj/Main.storyboard; sourceTree = "<group>"; };
		04F9A85E2079DF900096D494 /* Assets.xcassets */ = {isa = PBXFileReference; lastKnownFileType = folder.assetcatalog; path = Assets.xcassets; sourceTree = "<group>"; };
		04F9A8612079DF900096D494 /* Base */ = {isa = PBXFileReference; lastKnownFileType = file.storyboard; name = Base; path = Base.lproj/LaunchScreen.storyboard; sourceTree = "<group>"; };
		04F9A8632079DF900096D494 /* Info.plist */ = {isa = PBXFileReference; lastKnownFileType = text.plist.xml; path = Info.plist; sourceTree = "<group>"; };
		04F9A8642079DF900096D494 /* main.m */ = {isa = PBXFileReference; lastKnownFileType = sourcecode.c.objc; path = main.m; sourceTree = "<group>"; };
		04F9A86A2079DF900096D494 /* ThreadTestTests.xctest */ = {isa = PBXFileReference; explicitFileType = wrapper.cfbundle; includeInIndex = 0; path = ThreadTestTests.xctest; sourceTree = BUILT_PRODUCTS_DIR; };
		04F9A86E2079DF900096D494 /* ThreadTestTests.m */ = {isa = PBXFileReference; lastKnownFileType = sourcecode.c.objc; path = ThreadTestTests.m; sourceTree = "<group>"; };
		04F9A8702079DF900096D494 /* Info.plist */ = {isa = PBXFileReference; lastKnownFileType = text.plist.xml; path = Info.plist; sourceTree = "<group>"; };
		04F9A8752079DF900096D494 /* ThreadTestUITests.xctest */ = {isa = PBXFileReference; explicitFileType = wrapper.cfbundle; includeInIndex = 0; path = ThreadTestUITests.xctest; sourceTree = BUILT_PRODUCTS_DIR; };
		04F9A8792079DF900096D494 /* ThreadTestUITests.m */ = {isa = PBXFileReference; lastKnownFileType = sourcecode.c.objc; path = ThreadTestUITests.m; sourceTree = "<group>"; };
		04F9A87B2079DF900096D494 /* Info.plist */ = {isa = PBXFileReference; lastKnownFileType = text.plist.xml; path = Info.plist; sourceTree = "<group>"; };
/* End PBXFileReference section */

/* Begin PBXFrameworksBuildPhase section */
		04F9A84F2079DF8F0096D494 /* Frameworks */ = {
			isa = PBXFrameworksBuildPhase;
			buildActionMask = 2147483647;
			files = (
			);
			runOnlyForDeploymentPostprocessing = 0;
		};
		04F9A8672079DF900096D494 /* Frameworks */ = {
			isa = PBXFrameworksBuildPhase;
			buildActionMask = 2147483647;
			files = (
			);
			runOnlyForDeploymentPostprocessing = 0;
		};
		04F9A8722079DF900096D494 /* Frameworks */ = {
			isa = PBXFrameworksBuildPhase;
			buildActionMask = 2147483647;
			files = (
			);
			runOnlyForDeploymentPostprocessing = 0;
		};
/* End PBXFrameworksBuildPhase section */

/* Begin PBXGroup section */
		04F9A8492079DF8F0096D494 = {
			isa = PBXGroup;
			children = (
				04F9A8542079DF8F0096D494 /* ThreadTest */,
				04F9A86D2079DF900096D494 /* ThreadTestTests */,
				04F9A8782079DF900096D494 /* ThreadTestUITests */,
				04F9A8532079DF8F0096D494 /* Products */,
			);
			sourceTree = "<group>";
		};
		04F9A8532079DF8F0096D494 /* Products */ = {
			isa = PBXGroup;
			children = (
				04F9A8522079DF8F0096D494 /* ThreadTest.app */,
				04F9A86A2079DF900096D494 /* ThreadTestTests.xctest */,
				04F9A8752079DF900096D494 /* ThreadTestUITests.xctest */,
			);
			name = Products;
			sourceTree = "<group>";
		};
		04F9A8542079DF8F0096D494 /* ThreadTest */ = {
			isa = PBXGroup;
			children = (
				04F9A8552079DF8F0096D494 /* AppDelegate.h */,
				04F9A8562079DF8F0096D494 /* AppDelegate.m */,
				04F9A8582079DF8F0096D494 /* FirstViewController.h */,
				04F9A8592079DF8F0096D494 /* FirstViewController.m */,
				04E740812084459400D3EA47 /* ZWWMainTableViewController.h */,
				04E740822084459400D3EA47 /* ZWWMainTableViewController.m */,
				0400232E207DD42700B1598E /* ZWWMainTableViewController+Method.h */,
				0400232F207DD42700B1598E /* ZWWMainTableViewController+Method.m */,
				045A17C020B659EF00644DEC /* ZWWTestSuspendViewController.h */,
				045A17C120B659EF00644DEC /* ZWWTestSuspendViewController.m */,
				045A17C220B659EF00644DEC /* ZWWTestSuspendViewController.xib */,
				045A17C520B661CF00644DEC /* ZWWUseNSOperationViewController.h */,
				045A17C620B661CF00644DEC /* ZWWUseNSOperationViewController.m */,
				045A17C720B661CF00644DEC /* ZWWUseNSOperationViewController.xib */,
				04F9A85B2079DF8F0096D494 /* Main.storyboard */,
				04F9A85E2079DF900096D494 /* Assets.xcassets */,
				04F9A8602079DF900096D494 /* LaunchScreen.storyboard */,
				04F9A8632079DF900096D494 /* Info.plist */,
				04F9A8642079DF900096D494 /* main.m */,
			);
			path = ThreadTest;
			sourceTree = "<group>";
		};
		04F9A86D2079DF900096D494 /* ThreadTestTests */ = {
			isa = PBXGroup;
			children = (
				04F9A86E2079DF900096D494 /* ThreadTestTests.m */,
				04F9A8702079DF900096D494 /* Info.plist */,
			);
			path = ThreadTestTests;
			sourceTree = "<group>";
		};
		04F9A8782079DF900096D494 /* ThreadTestUITests */ = {
			isa = PBXGroup;
			children = (
				04F9A8792079DF900096D494 /* ThreadTestUITests.m */,
				04F9A87B2079DF900096D494 /* Info.plist */,
			);
			path = ThreadTestUITests;
			sourceTree = "<group>";
		};
/* End PBXGroup section */

/* Begin PBXNativeTarget section */
		04F9A8512079DF8F0096D494 /* ThreadTest */ = {
			isa = PBXNativeTarget;
			buildConfigurationList = 04F9A87E2079DF900096D494 /* Build configuration list for PBXNativeTarget "ThreadTest" */;
			buildPhases = (
				04F9A84E2079DF8F0096D494 /* Sources */,
				04F9A84F2079DF8F0096D494 /* Frameworks */,
				04F9A8502079DF8F0096D494 /* Resources */,
			);
			buildRules = (
			);
			dependencies = (
			);
			name = ThreadTest;
			productName = ThreadTest;
			productReference = 04F9A8522079DF8F0096D494 /* ThreadTest.app */;
			productType = "com.apple.product-type.application";
		};
		04F9A8692079DF900096D494 /* ThreadTestTests */ = {
			isa = PBXNativeTarget;
			buildConfigurationList = 04F9A8812079DF900096D494 /* Build configuration list for PBXNativeTarget "ThreadTestTests" */;
			buildPhases = (
				04F9A8662079DF900096D494 /* Sources */,
				04F9A8672079DF900096D494 /* Frameworks */,
				04F9A8682079DF900096D494 /* Resources */,
			);
			buildRules = (
			);
			dependencies = (
				04F9A86C2079DF900096D494 /* PBXTargetDependency */,
			);
			name = ThreadTestTests;
			productName = ThreadTestTests;
			productReference = 04F9A86A2079DF900096D494 /* ThreadTestTests.xctest */;
			productType = "com.apple.product-type.bundle.unit-test";
		};
		04F9A8742079DF900096D494 /* ThreadTestUITests */ = {
			isa = PBXNativeTarget;
			buildConfigurationList = 04F9A8842079DF900096D494 /* Build configuration list for PBXNativeTarget "ThreadTestUITests" */;
			buildPhases = (
				04F9A8712079DF900096D494 /* Sources */,
				04F9A8722079DF900096D494 /* Frameworks */,
				04F9A8732079DF900096D494 /* Resources */,
			);
			buildRules = (
			);
			dependencies = (
				04F9A8772079DF900096D494 /* PBXTargetDependency */,
			);
			name = ThreadTestUITests;
			productName = ThreadTestUITests;
			productReference = 04F9A8752079DF900096D494 /* ThreadTestUITests.xctest */;
			productType = "com.apple.product-type.bundle.ui-testing";
		};
/* End PBXNativeTarget section */

/* Begin PBXProject section */
		04F9A84A2079DF8F0096D494 /* Project object */ = {
			isa = PBXProject;
			attributes = {
				CLASSPREFIX = ZWW;
				LastUpgradeCheck = 0930;
				ORGANIZATIONNAME = mac;
				TargetAttributes = {
					04F9A8512079DF8F0096D494 = {
						CreatedOnToolsVersion = 9.3;
					};
					04F9A8692079DF900096D494 = {
						CreatedOnToolsVersion = 9.3;
						TestTargetID = 04F9A8512079DF8F0096D494;
					};
					04F9A8742079DF900096D494 = {
						CreatedOnToolsVersion = 9.3;
						TestTargetID = 04F9A8512079DF8F0096D494;
					};
				};
			};
			buildConfigurationList = 04F9A84D2079DF8F0096D494 /* Build configuration list for PBXProject "ThreadTest" */;
			compatibilityVersion = "Xcode 9.3";
			developmentRegion = en;
			hasScannedForEncodings = 0;
			knownRegions = (
				en,
				Base,
			);
			mainGroup = 04F9A8492079DF8F0096D494;
			productRefGroup = 04F9A8532079DF8F0096D494 /* Products */;
			projectDirPath = "";
			projectRoot = "";
			targets = (
				04F9A8512079DF8F0096D494 /* ThreadTest */,
				04F9A8692079DF900096D494 /* ThreadTestTests */,
				04F9A8742079DF900096D494 /* ThreadTestUITests */,
			);
		};
/* End PBXProject section */

/* Begin PBXResourcesBuildPhase section */
		04F9A8502079DF8F0096D494 /* Resources */ = {
			isa = PBXResourcesBuildPhase;
			buildActionMask = 2147483647;
			files = (
				04F9A8622079DF900096D494 /* LaunchScreen.storyboard in Resources */,
				045A17C420B659EF00644DEC /* ZWWTestSuspendViewController.xib in Resources */,
				04F9A85F2079DF900096D494 /* Assets.xcassets in Resources */,
				045A17C920B661CF00644DEC /* ZWWUseNSOperationViewController.xib in Resources */,
				04F9A85D2079DF8F0096D494 /* Main.storyboard in Resources */,
			);
			runOnlyForDeploymentPostprocessing = 0;
		};
		04F9A8682079DF900096D494 /* Resources */ = {
			isa = PBXResourcesBuildPhase;
			buildActionMask = 2147483647;
			files = (
			);
			runOnlyForDeploymentPostprocessing = 0;
		};
		04F9A8732079DF900096D494 /* Resources */ = {
			isa = PBXResourcesBuildPhase;
			buildActionMask = 2147483647;
			files = (
			);
			runOnlyForDeploymentPostprocessing = 0;
		};
/* End PBXResourcesBuildPhase section */

/* Begin PBXSourcesBuildPhase section */
		04F9A84E2079DF8F0096D494 /* Sources */ = {
			isa = PBXSourcesBuildPhase;
			buildActionMask = 2147483647;
			files = (
				04F9A85A2079DF8F0096D494 /* FirstViewController.m in Sources */,
				045A17C320B659EF00644DEC /* ZWWTestSuspendViewController.m in Sources */,
				04002330207DD42700B1598E /* ZWWMainTableViewController+Method.m in Sources */,
				04F9A8652079DF900096D494 /* main.m in Sources */,
				04F9A8572079DF8F0096D494 /* AppDelegate.m in Sources */,
				04E740832084459400D3EA47 /* ZWWMainTableViewController.m in Sources */,
				045A17C820B661CF00644DEC /* ZWWUseNSOperationViewController.m in Sources */,
			);
			runOnlyForDeploymentPostprocessing = 0;
		};
		04F9A8662079DF900096D494 /* Sources */ = {
			isa = PBXSourcesBuildPhase;
			buildActionMask = 2147483647;
			files = (
				04F9A86F2079DF900096D494 /* ThreadTestTests.m in Sources */,
			);
			runOnlyForDeploymentPostprocessing = 0;
		};
		04F9A8712079DF900096D494 /* Sources */ = {
			isa = PBXSourcesBuildPhase;
			buildActionMask = 2147483647;
			files = (
				04F9A87A2079DF900096D494 /* ThreadTestUITests.m in Sources */,
			);
			runOnlyForDeploymentPostprocessing = 0;
		};
/* End PBXSourcesBuildPhase section */

/* Begin PBXTargetDependency section */
		04F9A86C2079DF900096D494 /* PBXTargetDependency */ = {
			isa = PBXTargetDependency;
			target = 04F9A8512079DF8F0096D494 /* ThreadTest */;
			targetProxy = 04F9A86B2079DF900096D494 /* PBXContainerItemProxy */;
		};
		04F9A8772079DF900096D494 /* PBXTargetDependency */ = {
			isa = PBXTargetDependency;
			target = 04F9A8512079DF8F0096D494 /* ThreadTest */;
			targetProxy = 04F9A8762079DF900096D494 /* PBXContainerItemProxy */;
		};
/* End PBXTargetDependency section */

/* Begin PBXVariantGroup section */
		04F9A85B2079DF8F0096D494 /* Main.storyboard */ = {
			isa = PBXVariantGroup;
			children = (
				04F9A85C2079DF8F0096D494 /* Base */,
			);
			name = Main.storyboard;
			sourceTree = "<group>";
		};
		04F9A8602079DF900096D494 /* LaunchScreen.storyboard */ = {
			isa = PBXVariantGroup;
			children = (
				04F9A8612079DF900096D494 /* Base */,
			);
			name = LaunchScreen.storyboard;
			sourceTree = "<group>";
		};
/* End PBXVariantGroup section */

/* Begin XCBuildConfiguration section */
		04F9A87C2079DF900096D494 /* Debug */ = {
			isa = XCBuildConfiguration;
			buildSettings = {
				ALWAYS_SEARCH_USER_PATHS = NO;
				CLANG_ANALYZER_NONNULL = YES;
				CLANG_ANALYZER_NUMBER_OBJECT_CONVERSION = YES_AGGRESSIVE;
				CLANG_CXX_LANGUAGE_STANDARD = "gnu++14";
				CLANG_CXX_LIBRARY = "libc++";
				CLANG_ENABLE_MODULES = YES;
				CLANG_ENABLE_OBJC_ARC = YES;
				CLANG_ENABLE_OBJC_WEAK = YES;
				CLANG_WARN_BLOCK_CAPTURE_AUTORELEASING = YES;
				CLANG_WARN_BOOL_CONVERSION = YES;
				CLANG_WARN_COMMA = YES;
				CLANG_WARN_CONSTANT_CONVERSION = YES;
				CLANG_WARN_DEPRECATED_OBJC_IMPLEMENTATIONS = YES;
				CLANG_WARN_DIRECT_OBJC_ISA_USAGE = YES_ERROR;
				CLANG_WARN_DOCUMENTATION_COMMENTS = YES;
				CLANG_WARN_EMPTY_BODY = YES;
				CLANG_WARN_ENUM_CONVERSION = YES;
				CLANG_WARN_INFINITE_RECURSION = YES;
				CLANG_WARN_INT_CONVERSION = YES;
				CLANG_WARN_NON_LITERAL_NULL_CONVERSION = YES;
				CLANG_WARN_OBJC_IMPLICIT_RETAIN_SELF = YES;
				CLANG_WARN_OBJC_LITERAL_CONVERSION = YES;
				CLANG_WARN_OBJC_ROOT_CLASS = YES_ERROR;
				CLANG_WARN_RANGE_LOOP_ANALYSIS = YES;
				CLANG_WARN_STRICT_PROTOTYPES = YES;
				CLANG_WARN_SUSPICIOUS_MOVE = YES;
				CLANG_WARN_UNGUARDED_AVAILABILITY = YES_AGGRESSIVE;
				CLANG_WARN_UNREACHABLE_CODE = YES;
				CLANG_WARN__DUPLICATE_METHOD_MATCH = YES;
				CODE_SIGN_IDENTITY = "iPhone Developer";
				COPY_PHASE_STRIP = NO;
				DEBUG_INFORMATION_FORMAT = dwarf;
				ENABLE_STRICT_OBJC_MSGSEND = YES;
				ENABLE_TESTABILITY = YES;
				GCC_C_LANGUAGE_STANDARD = gnu11;
				GCC_DYNAMIC_NO_PIC = NO;
				GCC_NO_COMMON_BLOCKS = YES;
				GCC_OPTIMIZATION_LEVEL = 0;
				GCC_PREPROCESSOR_DEFINITIONS = (
					"DEBUG=1",
					"$(inherited)",
				);
				GCC_WARN_64_TO_32_BIT_CONVERSION = YES;
				GCC_WARN_ABOUT_RETURN_TYPE = YES_ERROR;
				GCC_WARN_UNDECLARED_SELECTOR = YES;
				GCC_WARN_UNINITIALIZED_AUTOS = YES_AGGRESSIVE;
				GCC_WARN_UNUSED_FUNCTION = YES;
				GCC_WARN_UNUSED_VARIABLE = YES;
				IPHONEOS_DEPLOYMENT_TARGET = 11.3;
				MTL_ENABLE_DEBUG_INFO = YES;
				ONLY_ACTIVE_ARCH = YES;
				SDKROOT = iphoneos;
			};
			name = Debug;
		};
		04F9A87D2079DF900096D494 /* Release */ = {
			isa = XCBuildConfiguration;
			buildSettings = {
				ALWAYS_SEARCH_USER_PATHS = NO;
				CLANG_ANALYZER_NONNULL = YES;
				CLANG_ANALYZER_NUMBER_OBJECT_CONVERSION = YES_AGGRESSIVE;
				CLANG_CXX_LANGUAGE_STANDARD = "gnu++14";
				CLANG_CXX_LIBRARY = "libc++";
				CLANG_ENABLE_MODULES = YES;
				CLANG_ENABLE_OBJC_ARC = YES;
				CLANG_ENABLE_OBJC_WEAK = YES;
				CLANG_WARN_BLOCK_CAPTURE_AUTORELEASING = YES;
				CLANG_WARN_BOOL_CONVERSION = YES;
				CLANG_WARN_COMMA = YES;
				CLANG_WARN_CONSTANT_CONVERSION = YES;
				CLANG_WARN_DEPRECATED_OBJC_IMPLEMENTATIONS = YES;
				CLANG_WARN_DIRECT_OBJC_ISA_USAGE = YES_ERROR;
				CLANG_WARN_DOCUMENTATION_COMMENTS = YES;
				CLANG_WARN_EMPTY_BODY = YES;
				CLANG_WARN_ENUM_CONVERSION = YES;
				CLANG_WARN_INFINITE_RECURSION = YES;
				CLANG_WARN_INT_CONVERSION = YES;
				CLANG_WARN_NON_LITERAL_NULL_CONVERSION = YES;
				CLANG_WARN_OBJC_IMPLICIT_RETAIN_SELF = YES;
				CLANG_WARN_OBJC_LITERAL_CONVERSION = YES;
				CLANG_WARN_OBJC_ROOT_CLASS = YES_ERROR;
				CLANG_WARN_RANGE_LOOP_ANALYSIS = YES;
				CLANG_WARN_STRICT_PROTOTYPES = YES;
				CLANG_WARN_SUSPICIOUS_MOVE = YES;
				CLANG_WARN_UNGUARDED_AVAILABILITY = YES_AGGRESSIVE;
				CLANG_WARN_UNREACHABLE_CODE = YES;
				CLANG_WARN__DUPLICATE_METHOD_MATCH = YES;
				CODE_SIGN_IDENTITY = "iPhone Developer";
				COPY_PHASE_STRIP = NO;
				DEBUG_INFORMATION_FORMAT = "dwarf-with-dsym";
				ENABLE_NS_ASSERTIONS = NO;
				ENABLE_STRICT_OBJC_MSGSEND = YES;
				GCC_C_LANGUAGE_STANDARD = gnu11;
				GCC_NO_COMMON_BLOCKS = YES;
				GCC_WARN_64_TO_32_BIT_CONVERSION = YES;
				GCC_WARN_ABOUT_RETURN_TYPE = YES_ERROR;
				GCC_WARN_UNDECLARED_SELECTOR = YES;
				GCC_WARN_UNINITIALIZED_AUTOS = YES_AGGRESSIVE;
				GCC_WARN_UNUSED_FUNCTION = YES;
				GCC_WARN_UNUSED_VARIABLE = YES;
				IPHONEOS_DEPLOYMENT_TARGET = 11.3;
				MTL_ENABLE_DEBUG_INFO = NO;
				SDKROOT = iphoneos;
				VALIDATE_PRODUCT = YES;
			};
			name = Release;
		};
		04F9A87F2079DF900096D494 /* Debug */ = {
			isa = XCBuildConfiguration;
			buildSettings = {
				ASSETCATALOG_COMPILER_APPICON_NAME = AppIcon;
				CODE_SIGN_STYLE = Automatic;
				INFOPLIST_FILE = ThreadTest/Info.plist;
				LD_RUNPATH_SEARCH_PATHS = (
					"$(inherited)",
					"@executable_path/Frameworks",
				);
				PRODUCT_BUNDLE_IDENTIFIER = zoe.ThreadTest;
				PRODUCT_NAME = "$(TARGET_NAME)";
				TARGETED_DEVICE_FAMILY = "1,2";
			};
			name = Debug;
		};
		04F9A8802079DF900096D494 /* Release */ = {
			isa = XCBuildConfiguration;
			buildSettings = {
				ASSETCATALOG_COMPILER_APPICON_NAME = AppIcon;
				CODE_SIGN_STYLE = Automatic;
				INFOPLIST_FILE = ThreadTest/Info.plist;
				LD_RUNPATH_SEARCH_PATHS = (
					"$(inherited)",
					"@executable_path/Frameworks",
				);
				PRODUCT_BUNDLE_IDENTIFIER = zoe.ThreadTest;
				PRODUCT_NAME = "$(TARGET_NAME)";
				TARGETED_DEVICE_FAMILY = "1,2";
			};
			name = Release;
		};
		04F9A8822079DF900096D494 /* Debug */ = {
			isa = XCBuildConfiguration;
			buildSettings = {
				BUNDLE_LOADER = "$(TEST_HOST)";
				CODE_SIGN_STYLE = Automatic;
				INFOPLIST_FILE = ThreadTestTests/Info.plist;
				LD_RUNPATH_SEARCH_PATHS = (
					"$(inherited)",
					"@executable_path/Frameworks",
					"@loader_path/Frameworks",
				);
				PRODUCT_BUNDLE_IDENTIFIER = zoe.ThreadTestTests;
				PRODUCT_NAME = "$(TARGET_NAME)";
				TARGETED_DEVICE_FAMILY = "1,2";
				TEST_HOST = "$(BUILT_PRODUCTS_DIR)/ThreadTest.app/ThreadTest";
			};
			name = Debug;
		};
		04F9A8832079DF900096D494 /* Release */ = {
			isa = XCBuildConfiguration;
			buildSettings = {
				BUNDLE_LOADER = "$(TEST_HOST)";
				CODE_SIGN_STYLE = Automatic;
				INFOPLIST_FILE = ThreadTestTests/Info.plist;
				LD_RUNPATH_SEARCH_PATHS = (
					"$(inherited)",
					"@executable_path/Frameworks",
					"@loader_path/Frameworks",
				);
				PRODUCT_BUNDLE_IDENTIFIER = zoe.ThreadTestTests;
				PRODUCT_NAME = "$(TARGET_NAME)";
				TARGETED_DEVICE_FAMILY = "1,2";
				TEST_HOST = "$(BUILT_PRODUCTS_DIR)/ThreadTest.app/ThreadTest";
			};
			name = Release;
		};
		04F9A8852079DF900096D494 /* Debug */ = {
			isa = XCBuildConfiguration;
			buildSettings = {
				CODE_SIGN_STYLE = Automatic;
				INFOPLIST_FILE = ThreadTestUITests/Info.plist;
				LD_RUNPATH_SEARCH_PATHS = (
					"$(inherited)",
					"@executable_path/Frameworks",
					"@loader_path/Frameworks",
				);
				PRODUCT_BUNDLE_IDENTIFIER = zoe.ThreadTestUITests;
				PRODUCT_NAME = "$(TARGET_NAME)";
				TARGETED_DEVICE_FAMILY = "1,2";
				TEST_TARGET_NAME = ThreadTest;
			};
			name = Debug;
		};
		04F9A8862079DF900096D494 /* Release */ = {
			isa = XCBuildConfiguration;
			buildSettings = {
				CODE_SIGN_STYLE = Automatic;
				INFOPLIST_FILE = ThreadTestUITests/Info.plist;
				LD_RUNPATH_SEARCH_PATHS = (
					"$(inherited)",
					"@executable_path/Frameworks",
					"@loader_path/Frameworks",
				);
				PRODUCT_BUNDLE_IDENTIFIER = zoe.ThreadTestUITests;
				PRODUCT_NAME = "$(TARGET_NAME)";
				TARGETED_DEVICE_FAMILY = "1,2";
				TEST_TARGET_NAME = ThreadTest;
			};
			name = Release;
		};
/* End XCBuildConfiguration section */

/* Begin XCConfigurationList section */
		04F9A84D2079DF8F0096D494 /* Build configuration list for PBXProject "ThreadTest" */ = {
			isa = XCConfigurationList;
			buildConfigurations = (
				04F9A87C2079DF900096D494 /* Debug */,
				04F9A87D2079DF900096D494 /* Release */,
			);
			defaultConfigurationIsVisible = 0;
			defaultConfigurationName = Release;
		};
		04F9A87E2079DF900096D494 /* Build configuration list for PBXNativeTarget "ThreadTest" */ = {
			isa = XCConfigurationList;
			buildConfigurations = (
				04F9A87F2079DF900096D494 /* Debug */,
				04F9A8802079DF900096D494 /* Release */,
			);
			defaultConfigurationIsVisible = 0;
			defaultConfigurationName = Release;
		};
		04F9A8812079DF900096D494 /* Build configuration list for PBXNativeTarget "ThreadTestTests" */ = {
			isa = XCConfigurationList;
			buildConfigurations = (
				04F9A8822079DF900096D494 /* Debug */,
				04F9A8832079DF900096D494 /* Release */,
			);
			defaultConfigurationIsVisible = 0;
			defaultConfigurationName = Release;
		};
		04F9A8842079DF900096D494 /* Build configuration list for PBXNativeTarget "ThreadTestUITests" */ = {
			isa = XCConfigurationList;
			buildConfigurations = (
				04F9A8852079DF900096D494 /* Debug */,
				04F9A8862079DF900096D494 /* Release */,
			);
			defaultConfigurationIsVisible = 0;
			defaultConfigurationName = Release;
		};
/* End XCConfigurationList section */
	};
	rootObject = 04F9A84A2079DF8F0096D494 /* Project object */;
}
